
Microsoft Visual Studio Solution File, Format Version 12.00
# Visual Studio Version 16
VisualStudioVersion = 16.0.30907.101
MinimumVisualStudioVersion = 10.0.40219.1
Project("{FAE04EC0-301F-11D3-BF4B-00C04F79EFBC}") = "CyberWareServer", "CyberWareServer\CyberWareServer.csproj", "{7ECAE70B-64DB-4C49-946A-A0F255DF9B1D}"
EndProject
Global
	GlobalSection(SolutionConfigurationPlatforms) = preSolution
		Debug|Any CPU = Debug|Any CPU
		Release|Any CPU = Release|Any CPU
	EndGlobalSection
	GlobalSection(ProjectConfigurationPlatforms) = postSolution
		{7ECAE70B-64DB-4C49-946A-A0F255DF9B1D}.Debug|Any CPU.ActiveCfg = Debug|Any CPU
		{7ECAE70B-64DB-4C49-946A-A0F255DF9B1D}.Debug|Any CPU.Build.0 = Debug|Any CPU
		{7ECAE70B-64DB-4C49-946A-A0F255DF9B1D}.Release|Any CPU.ActiveCfg = Release|Any CPU
		{7ECAE70B-64DB-4C49-946A-A0F255DF9B1D}.Release|Any CPU.Build.0 = Release|Any CPU
	EndGlobalSection
	GlobalSection(SolutionProperties) = preSolution
		HideSolutionNode = FALSE
	EndGlobalSection
	GlobalSection(ExtensibilityGlobals) = postSolution
		SolutionGuid = {328C5048-7FA1-419F-910B-0F9953D8E7E6}
	EndGlobalSection
EndGlobal
